<?xml version="1.0" encoding="utf-8"?>
<Project ToolsVersion="4.0" xmlns="http://schemas.microsoft.com/developer/msbuild/2003">
  <ItemGroup>
    <Filter Include="Source Files">
      <UniqueIdentifier>{4FC737F1-C7A5-4376-A066-2A32D752A2FF}</UniqueIdentifier>
      <Extensions>cpp;c;cc;cxx;def;odl;idl;hpj;bat;asm;asmx</Extensions>
    </Filter>
    <Filter Include="Header Files">
      <UniqueIdentifier>{93995380-89BD-4b04-88EB-625FBE52EBFB}</UniqueIdentifier>
      <Extensions>h;hh;hpp;hxx;hm;inl;inc;xsd</Extensions>
    </Filter>
    <Filter Include="Resource Files">
      <UniqueIdentifier>{67DA6AB6-F800-4c08-8B7A-83BB121AAD01}</UniqueIdentifier>
      <Extensions>rc;ico;cur;bmp;dlg;rc2;rct;bin;rgs;gif;jpg;jpeg;jpe;resx;tiff;tif;png;wav;mfcribbon-ms</Extensions>
    </Filter>
  </ItemGroup>
  <ItemGroup>
    <ClInclude Include="MainForm.h">
      <Filter>Source Files</Filter>
    </ClInclude>
    <ClInclude Include="QuestionControl.h">
      <Filter>Source Files</Filter>
    </ClInclude>
    <ClInclude Include="StartScreenControl.h">
      <Filter>Source Files</Filter>
    </ClInclude>
    <ClInclude Include="ProfilesControl.h">
      <Filter>Source Files</Filter>
    </ClInclude>
    <ClInclude Include="CreateProfileControl.h">
      <Filter>Source Files</Filter>
    </ClInclude>
    <ClInclude Include="EditProfileControl.h">
      <Filter>Source Files</Filter>
    </ClInclude>
    <ClInclude Include="QuizControl.h">
      <Filter>Source Files</Filter>
    </ClInclude>
    <ClInclude Include="CAssessment.h">
      <Filter>Source Files</Filter>
    </ClInclude>
    <ClInclude Include="CAssessUnit.h">
      <Filter>Source Files</Filter>
    </ClInclude>
    <ClInclude Include="CContactInfo.h">
      <Filter>Source Files</Filter>
    </ClInclude>
    <ClInclude Include="CCourseInfo.h">
      <Filter>Source Files</Filter>
    </ClInclude>
    <ClInclude Include="CGame.h">
      <Filter>Source Files</Filter>
    </ClInclude>
    <ClInclude Include="CMan.h">
      <Filter>Source Files</Filter>
    </ClInclude>
    <ClInclude Include="CProject.h">
      <Filter>Source Files</Filter>
    </ClInclude>
    <ClInclude Include="CQuestion.h">
      <Filter>Source Files</Filter>
    </ClInclude>
    <ClInclude Include="CQuestionPool.h">
      <Filter>Source Files</Filter>
    </ClInclude>
    <ClInclude Include="CQuiz.h">
      <Filter>Source Files</Filter>
    </ClInclude>
    <ClInclude Include="CSchoolExperience.h">
      <Filter>Source Files</Filter>
    </ClInclude>
    <ClInclude Include="CStudent.h">
      <Filter>Source Files</Filter>
    </ClInclude>
    <ClInclude Include="CWorkExperience.h">
      <Filter>Source Files</Filter>
    </ClInclude>
    <ClInclude Include="QuizBoardControl.h">
      <Filter>Source Files</Filter>
    </ClInclude>
    <ClInclude Include="json.hpp">
      <Filter>Source Files</Filter>
    </ClInclude>
    <ClInclude Include="base64.h">
      <Filter>Source Files</Filter>
    </ClInclude>
  </ItemGroup>
  <ItemGroup>
    <ClCompile Include="MainForm.cpp">
      <Filter>Source Files</Filter>
    </ClCompile>
    <ClCompile Include="StartScreenControl.cpp">
      <Filter>Source Files</Filter>
    </ClCompile>
    <ClCompile Include="ProfilesControl.cpp">
      <Filter>Source Files</Filter>
    </ClCompile>
    <ClCompile Include="CreateProfileControl.cpp">
      <Filter>Source Files</Filter>
    </ClCompile>
    <ClCompile Include="EditProfileControl.cpp">
      <Filter>Source Files</Filter>
    </ClCompile>
    <ClCompile Include="QuizControl.cpp">
      <Filter>Source Files</Filter>
    </ClCompile>
    <ClCompile Include="CAssessment.cpp">
      <Filter>Source Files</Filter>
    </ClCompile>
    <ClCompile Include="CAssessUnit.cpp">
      <Filter>Source Files</Filter>
    </ClCompile>
    <ClCompile Include="CContactInfo.cpp">
      <Filter>Source Files</Filter>
    </ClCompile>
    <ClCompile Include="CCourseInfo.cpp">
      <Filter>Source Files</Filter>
    </ClCompile>
    <ClCompile Include="CGame.cpp">
      <Filter>Source Files</Filter>
    </ClCompile>
    <ClCompile Include="CMan.cpp">
      <Filter>Source Files</Filter>
    </ClCompile>
    <ClCompile Include="CProject.cpp">
      <Filter>Source Files</Filter>
    </ClCompile>
    <ClCompile Include="CQuestion.cpp">
      <Filter>Source Files</Filter>
    </ClCompile>
    <ClCompile Include="CQuestionPool.cpp">
      <Filter>Source Files</Filter>
    </ClCompile>
    <ClCompile Include="CQuiz.cpp">
      <Filter>Source Files</Filter>
    </ClCompile>
    <ClCompile Include="CSchoolExperience.cpp">
      <Filter>Source Files</Filter>
    </ClCompile>
    <ClCompile Include="CStudent.cpp">
      <Filter>Source Files</Filter>
    </ClCompile>
    <ClCompile Include="CWorkExperience.cpp">
      <Filter>Source Files</Filter>
    </ClCompile>
    <ClCompile Include="QuizBoardControl.cpp">
      <Filter>Source Files</Filter>
    </ClCompile>
    <ClCompile Include="base64.cpp">
      <Filter>Source Files</Filter>
    </ClCompile>
  </ItemGroup>
  <ItemGroup>
    <Text Include="Notes.txt">
      <Filter>Source Files</Filter>
    </Text>
  </ItemGroup>
  <ItemGroup>
    <EmbeddedResource Include="MainForm.resx">
      <Filter>Resource Files</Filter>
    </EmbeddedResource>
    <EmbeddedResource Include="QuestionControl.resx">
      <Filter>Resource Files</Filter>
    </EmbeddedResource>
    <EmbeddedResource Include="StartScreenControl.resx">
      <Filter>Resource Files</Filter>
    </EmbeddedResource>
    <EmbeddedResource Include="ProfilesControl.resx">
      <Filter>Resource Files</Filter>
    </EmbeddedResource>
    <EmbeddedResource Include="CreateProfileControl.resx">
      <Filter>Resource Files</Filter>
    </EmbeddedResource>
    <EmbeddedResource Include="EditProfileControl.resx">
      <Filter>Resource Files</Filter>
    </EmbeddedResource>
    <EmbeddedResource Include="QuizControl.resx">
      <Filter>Resource Files</Filter>
    </EmbeddedResource>
    <EmbeddedResource Include="QuizBoardControl.resx">
      <Filter>Resource Files</Filter>
    </EmbeddedResource>
  </ItemGroup>
</Project>